
Microsoft Visual Studio Solution File, Format Version 12.00
# Visual Studio Version 17
VisualStudioVersion = 17.6.33801.468
MinimumVisualStudioVersion = 10.0.40219.1
Project("{9A19103F-16F7-4668-BE54-9A1E7A4F7556}") = "PatosWeb", "EverythingEverywhereAllAtOnce\PatosWeb.csproj", "{6912E889-522E-40CB-B96B-CEB4454C0120}"
EndProject
Project("{FAE04EC0-301F-11D3-BF4B-00C04F79EFBC}") = "Bussiness", "Bussiness\Bussiness.csproj", "{4F570C53-83A7-4679-9498-EFAB076B2713}"
EndProject
Global
	GlobalSection(SolutionConfigurationPlatforms) = preSolution
		Debug|Any CPU = Debug|Any CPU
		Release|Any CPU = Release|Any CPU
	EndGlobalSection
	GlobalSection(ProjectConfigurationPlatforms) = postSolution
		{6912E889-522E-40CB-B96B-CEB4454C0120}.Debug|Any CPU.ActiveCfg = Debug|Any CPU
		{6912E889-522E-40CB-B96B-CEB4454C0120}.Debug|Any CPU.Build.0 = Debug|Any CPU
		{6912E889-522E-40CB-B96B-CEB4454C0120}.Release|Any CPU.ActiveCfg = Release|Any CPU
		{6912E889-522E-40CB-B96B-CEB4454C0120}.Release|Any CPU.Build.0 = Release|Any CPU
		{4F570C53-83A7-4679-9498-EFAB076B2713}.Debug|Any CPU.ActiveCfg = Debug|Any CPU
		{4F570C53-83A7-4679-9498-EFAB076B2713}.Debug|Any CPU.Build.0 = Debug|Any CPU
		{4F570C53-83A7-4679-9498-EFAB076B2713}.Release|Any CPU.ActiveCfg = Release|Any CPU
		{4F570C53-83A7-4679-9498-EFAB076B2713}.Release|Any CPU.Build.0 = Release|Any CPU
	EndGlobalSection
	GlobalSection(SolutionProperties) = preSolution
		HideSolutionNode = FALSE
	EndGlobalSection
	GlobalSection(ExtensibilityGlobals) = postSolution
		SolutionGuid = {024224DC-9775-4CAA-8FB6-6A3C45C44C75}
	EndGlobalSection
EndGlobal
